// !$*UTF8*$!
{
	archiveVersion = 1;
	classes = {
	};
	objectVersion = 77;
	objects = {

/* Begin PBXBuildFile section */
		7950BC0D2D72A66000828F65 /* NimbusCache in Frameworks */ = {isa = PBXBuildFile; productRef = 7950BC0C2D72A66000828F65 /* NimbusCache */; };
/* End PBXBuildFile section */

/* Begin PBXContainerItemProxy section */
		7950BBBC2D71FD5000828F65 /* PBXContainerItemProxy */ = {
			isa = PBXContainerItemProxy;
			containerPortal = 7950BBA32D71FD4E00828F65 /* Project object */;
			proxyType = 1;
			remoteGlobalIDString = 7950BBAA2D71FD4E00828F65;
			remoteInfo = NimbusCacheExample;
		};
		7950BBC62D71FD5000828F65 /* PBXContainerItemProxy */ = {
			isa = PBXContainerItemProxy;
			containerPortal = 7950BBA32D71FD4E00828F65 /* Project object */;
			proxyType = 1;
			remoteGlobalIDString = 7950BBAA2D71FD4E00828F65;
			remoteInfo = NimbusCacheExample;
		};
/* End PBXContainerItemProxy section */

/* Begin PBXFileReference section */
		7950BBAB2D71FD4E00828F65 /* NimbusCacheExample.app */ = {isa = PBXFileReference; explicitFileType = wrapper.application; includeInIndex = 0; path = NimbusCacheExample.app; sourceTree = BUILT_PRODUCTS_DIR; };
		7950BBBB2D71FD5000828F65 /* NimbusCacheExampleTests.xctest */ = {isa = PBXFileReference; explicitFileType = wrapper.cfbundle; includeInIndex = 0; path = NimbusCacheExampleTests.xctest; sourceTree = BUILT_PRODUCTS_DIR; };
		7950BBC52D71FD5000828F65 /* NimbusCacheExampleUITests.xctest */ = {isa = PBXFileReference; explicitFileType = wrapper.cfbundle; includeInIndex = 0; path = NimbusCacheExampleUITests.xctest; sourceTree = BUILT_PRODUCTS_DIR; };
/* End PBXFileReference section */

/* Begin PBXFileSystemSynchronizedBuildFileExceptionSet section */
		7950BBF52D72235F00828F65 /* Exceptions for "NimbusCacheExample" folder in "NimbusCacheExample" target */ = {
			isa = PBXFileSystemSynchronizedBuildFileExceptionSet;
			membershipExceptions = (
				Info.plist,
			);
			target = 7950BBAA2D71FD4E00828F65 /* NimbusCacheExample */;
		};
/* End PBXFileSystemSynchronizedBuildFileExceptionSet section */

/* Begin PBXFileSystemSynchronizedRootGroup section */
		7950BBAD2D71FD4E00828F65 /* NimbusCacheExample */ = {
			isa = PBXFileSystemSynchronizedRootGroup;
			exceptions = (
				7950BBF52D72235F00828F65 /* Exceptions for "NimbusCacheExample" folder in "NimbusCacheExample" target */,
			);
			path = NimbusCacheExample;
			sourceTree = "<group>";
		};
		7950BBBE2D71FD5000828F65 /* NimbusCacheExampleTests */ = {
			isa = PBXFileSystemSynchronizedRootGroup;
			path = NimbusCacheExampleTests;
			sourceTree = "<group>";
		};
		7950BBC82D71FD5000828F65 /* NimbusCacheExampleUITests */ = {
			isa = PBXFileSystemSynchronizedRootGroup;
			path = NimbusCacheExampleUITests;
			sourceTree = "<group>";
		};
/* End PBXFileSystemSynchronizedRootGroup section */

/* Begin PBXFrameworksBuildPhase section */
		7950BBA82D71FD4E00828F65 /* Frameworks */ = {
			isa = PBXFrameworksBuildPhase;
			buildActionMask = 2147483647;
			files = (
				7950BC0D2D72A66000828F65 /* NimbusCache in Frameworks */,
			);
			runOnlyForDeploymentPostprocessing = 0;
		};
		7950BBB82D71FD5000828F65 /* Frameworks */ = {
			isa = PBXFrameworksBuildPhase;
			buildActionMask = 2147483647;
			files = (
			);
			runOnlyForDeploymentPostprocessing = 0;
		};
		7950BBC22D71FD5000828F65 /* Frameworks */ = {
			isa = PBXFrameworksBuildPhase;
			buildActionMask = 2147483647;
			files = (
			);
			runOnlyForDeploymentPostprocessing = 0;
		};
/* End PBXFrameworksBuildPhase section */

/* Begin PBXGroup section */
		7950BBA22D71FD4E00828F65 = {
			isa = PBXGroup;
			children = (
				7950BBAD2D71FD4E00828F65 /* NimbusCacheExample */,
				7950BBBE2D71FD5000828F65 /* NimbusCacheExampleTests */,
				7950BBC82D71FD5000828F65 /* NimbusCacheExampleUITests */,
				7950BBDD2D71FE9600828F65 /* Frameworks */,
				7950BBAC2D71FD4E00828F65 /* Products */,
			);
			sourceTree = "<group>";
		};
		7950BBAC2D71FD4E00828F65 /* Products */ = {
			isa = PBXGroup;
			children = (
				7950BBAB2D71FD4E00828F65 /* NimbusCacheExample.app */,
				7950BBBB2D71FD5000828F65 /* NimbusCacheExampleTests.xctest */,
				7950BBC52D71FD5000828F65 /* NimbusCacheExampleUITests.xctest */,
			);
			name = Products;
			sourceTree = "<group>";
		};
		7950BBDD2D71FE9600828F65 /* Frameworks */ = {
			isa = PBXGroup;
			children = (
			);
			name = Frameworks;
			sourceTree = "<group>";
		};
/* End PBXGroup section */

/* Begin PBXNativeTarget section */
		7950BBAA2D71FD4E00828F65 /* NimbusCacheExample */ = {
			isa = PBXNativeTarget;
			buildConfigurationList = 7950BBCF2D71FD5000828F65 /* Build configuration list for PBXNativeTarget "NimbusCacheExample" */;
			buildPhases = (
				7950BBA72D71FD4E00828F65 /* Sources */,
				7950BBA82D71FD4E00828F65 /* Frameworks */,
				7950BBA92D71FD4E00828F65 /* Resources */,
			);
			buildRules = (
			);
			dependencies = (
			);
			fileSystemSynchronizedGroups = (
				7950BBAD2D71FD4E00828F65 /* NimbusCacheExample */,
			);
			name = NimbusCacheExample;
			packageProductDependencies = (
				7950BC0C2D72A66000828F65 /* NimbusCache */,
			);
			productName = NimbusCacheExample;
			productReference = 7950BBAB2D71FD4E00828F65 /* NimbusCacheExample.app */;
			productType = "com.apple.product-type.application";
		};
		7950BBBA2D71FD5000828F65 /* NimbusCacheExampleTests */ = {
			isa = PBXNativeTarget;
			buildConfigurationList = 7950BBD22D71FD5000828F65 /* Build configuration list for PBXNativeTarget "NimbusCacheExampleTests" */;
			buildPhases = (
				7950BBB72D71FD5000828F65 /* Sources */,
				7950BBB82D71FD5000828F65 /* Frameworks */,
				7950BBB92D71FD5000828F65 /* Resources */,
			);
			buildRules = (
			);
			dependencies = (
				7950BBBD2D71FD5000828F65 /* PBXTargetDependency */,
			);
			fileSystemSynchronizedGroups = (
				7950BBBE2D71FD5000828F65 /* NimbusCacheExampleTests */,
			);
			name = NimbusCacheExampleTests;
			packageProductDependencies = (
			);
			productName = NimbusCacheExampleTests;
			productReference = 7950BBBB2D71FD5000828F65 /* NimbusCacheExampleTests.xctest */;
			productType = "com.apple.product-type.bundle.unit-test";
		};
		7950BBC42D71FD5000828F65 /* NimbusCacheExampleUITests */ = {
			isa = PBXNativeTarget;
			buildConfigurationList = 7950BBD52D71FD5000828F65 /* Build configuration list for PBXNativeTarget "NimbusCacheExampleUITests" */;
			buildPhases = (
				7950BBC12D71FD5000828F65 /* Sources */,
				7950BBC22D71FD5000828F65 /* Frameworks */,
				7950BBC32D71FD5000828F65 /* Resources */,
			);
			buildRules = (
			);
			dependencies = (
				7950BBC72D71FD5000828F65 /* PBXTargetDependency */,
			);
			fileSystemSynchronizedGroups = (
				7950BBC82D71FD5000828F65 /* NimbusCacheExampleUITests */,
			);
			name = NimbusCacheExampleUITests;
			packageProductDependencies = (
			);
			productName = NimbusCacheExampleUITests;
			productReference = 7950BBC52D71FD5000828F65 /* NimbusCacheExampleUITests.xctest */;
			productType = "com.apple.product-type.bundle.ui-testing";
		};
/* End PBXNativeTarget section */

/* Begin PBXProject section */
		7950BBA32D71FD4E00828F65 /* Project object */ = {
			isa = PBXProject;
			attributes = {
				BuildIndependentTargetsInParallel = 1;
				LastSwiftUpdateCheck = 1620;
				LastUpgradeCheck = 1620;
				TargetAttributes = {
					7950BBAA2D71FD4E00828F65 = {
						CreatedOnToolsVersion = 16.2;
					};
					7950BBBA2D71FD5000828F65 = {
						CreatedOnToolsVersion = 16.2;
						TestTargetID = 7950BBAA2D71FD4E00828F65;
					};
					7950BBC42D71FD5000828F65 = {
						CreatedOnToolsVersion = 16.2;
						TestTargetID = 7950BBAA2D71FD4E00828F65;
					};
				};
			};
			buildConfigurationList = 7950BBA62D71FD4E00828F65 /* Build configuration list for PBXProject "NimbusCacheExample" */;
			developmentRegion = en;
			hasScannedForEncodings = 0;
			knownRegions = (
				en,
				Base,
			);
			mainGroup = 7950BBA22D71FD4E00828F65;
			minimizedProjectReferenceProxies = 1;
			packageReferences = (
				7950BC0B2D72A65800828F65 /* XCLocalSwiftPackageReference "../../../NimbusCache" */,
			);
			preferredProjectObjectVersion = 77;
			productRefGroup = 7950BBAC2D71FD4E00828F65 /* Products */;
			projectDirPath = "";
			projectRoot = "";
			targets = (
				7950BBAA2D71FD4E00828F65 /* NimbusCacheExample */,
				7950BBBA2D71FD5000828F65 /* NimbusCacheExampleTests */,
				7950BBC42D71FD5000828F65 /* NimbusCacheExampleUITests */,
			);
		};
/* End PBXProject section */

/* Begin PBXResourcesBuildPhase section */
		7950BBA92D71FD4E00828F65 /* Resources */ = {
			isa = PBXResourcesBuildPhase;
			buildActionMask = 2147483647;
			files = (
			);
			runOnlyForDeploymentPostprocessing = 0;
		};
		7950BBB92D71FD5000828F65 /* Resources */ = {
			isa = PBXResourcesBuildPhase;
			buildActionMask = 2147483647;
			files = (
			);
			runOnlyForDeploymentPostprocessing = 0;
		};
		7950BBC32D71FD5000828F65 /* Resources */ = {
			isa = PBXResourcesBuildPhase;
			buildActionMask = 2147483647;
			files = (
			);
			runOnlyForDeploymentPostprocessing = 0;
		};
/* End PBXResourcesBuildPhase section */

/* Begin PBXSourcesBuildPhase section */
		7950BBA72D71FD4E00828F65 /* Sources */ = {
			isa = PBXSourcesBuildPhase;
			buildActionMask = 2147483647;
			files = (
			);
			runOnlyForDeploymentPostprocessing = 0;
		};
		7950BBB72D71FD5000828F65 /* Sources */ = {
			isa = PBXSourcesBuildPhase;
			buildActionMask = 2147483647;
			files = (
			);
			runOnlyForDeploymentPostprocessing = 0;
		};
		7950BBC12D71FD5000828F65 /* Sources */ = {
			isa = PBXSourcesBuildPhase;
			buildActionMask = 2147483647;
			files = (
			);
			runOnlyForDeploymentPostprocessing = 0;
		};
/* End PBXSourcesBuildPhase section */

/* Begin PBXTargetDependency section */
		7950BBBD2D71FD5000828F65 /* PBXTargetDependency */ = {
			isa = PBXTargetDependency;
			target = 7950BBAA2D71FD4E00828F65 /* NimbusCacheExample */;
			targetProxy = 7950BBBC2D71FD5000828F65 /* PBXContainerItemProxy */;
		};
		7950BBC72D71FD5000828F65 /* PBXTargetDependency */ = {
			isa = PBXTargetDependency;
			target = 7950BBAA2D71FD4E00828F65 /* NimbusCacheExample */;
			targetProxy = 7950BBC62D71FD5000828F65 /* PBXContainerItemProxy */;
		};
/* End PBXTargetDependency section */

/* Begin XCBuildConfiguration section */
		7950BBCD2D71FD5000828F65 /* Debug */ = {
			isa = XCBuildConfiguration;
			buildSettings = {
				ALWAYS_SEARCH_USER_PATHS = NO;
				ASSETCATALOG_COMPILER_GENERATE_SWIFT_ASSET_SYMBOL_EXTENSIONS = YES;
				CLANG_ANALYZER_NONNULL = YES;
				CLANG_ANALYZER_NUMBER_OBJECT_CONVERSION = YES_AGGRESSIVE;
				CLANG_CXX_LANGUAGE_STANDARD = "gnu++20";
				CLANG_ENABLE_MODULES = YES;
				CLANG_ENABLE_OBJC_ARC = YES;
				CLANG_ENABLE_OBJC_WEAK = YES;
				CLANG_WARN_BLOCK_CAPTURE_AUTORELEASING = YES;
				CLANG_WARN_BOOL_CONVERSION = YES;
				CLANG_WARN_COMMA = YES;
				CLANG_WARN_CONSTANT_CONVERSION = YES;
				CLANG_WARN_DEPRECATED_OBJC_IMPLEMENTATIONS = YES;
				CLANG_WARN_DIRECT_OBJC_ISA_USAGE = YES_ERROR;
				CLANG_WARN_DOCUMENTATION_COMMENTS = YES;
				CLANG_WARN_EMPTY_BODY = YES;
				CLANG_WARN_ENUM_CONVERSION = YES;
				CLANG_WARN_INFINITE_RECURSION = YES;
				CLANG_WARN_INT_CONVERSION = YES;
				CLANG_WARN_NON_LITERAL_NULL_CONVERSION = YES;
				CLANG_WARN_OBJC_IMPLICIT_RETAIN_SELF = YES;
				CLANG_WARN_OBJC_LITERAL_CONVERSION = YES;
				CLANG_WARN_OBJC_ROOT_CLASS = YES_ERROR;
				CLANG_WARN_QUOTED_INCLUDE_IN_FRAMEWORK_HEADER = YES;
				CLANG_WARN_RANGE_LOOP_ANALYSIS = YES;
				CLANG_WARN_STRICT_PROTOTYPES = YES;
				CLANG_WARN_SUSPICIOUS_MOVE = YES;
				CLANG_WARN_UNGUARDED_AVAILABILITY = YES_AGGRESSIVE;
				CLANG_WARN_UNREACHABLE_CODE = YES;
				CLANG_WARN__DUPLICATE_METHOD_MATCH = YES;
				COPY_PHASE_STRIP = NO;
				DEBUG_INFORMATION_FORMAT = dwarf;
				ENABLE_STRICT_OBJC_MSGSEND = YES;
				ENABLE_TESTABILITY = YES;
				ENABLE_USER_SCRIPT_SANDBOXING = YES;
				GCC_C_LANGUAGE_STANDARD = gnu17;
				GCC_DYNAMIC_NO_PIC = NO;
				GCC_NO_COMMON_BLOCKS = YES;
				GCC_OPTIMIZATION_LEVEL = 0;
				GCC_PREPROCESSOR_DEFINITIONS = (
					"DEBUG=1",
					"$(inherited)",
				);
				GCC_WARN_64_TO_32_BIT_CONVERSION = YES;
				GCC_WARN_ABOUT_RETURN_TYPE = YES_ERROR;
				GCC_WARN_UNDECLARED_SELECTOR = YES;
				GCC_WARN_UNINITIALIZED_AUTOS = YES_AGGRESSIVE;
				GCC_WARN_UNUSED_FUNCTION = YES;
				GCC_WARN_UNUSED_VARIABLE = YES;
				IPHONEOS_DEPLOYMENT_TARGET = 18.2;
				LOCALIZATION_PREFERS_STRING_CATALOGS = YES;
				MTL_ENABLE_DEBUG_INFO = INCLUDE_SOURCE;
				MTL_FAST_MATH = YES;
				ONLY_ACTIVE_ARCH = YES;
				SDKROOT = iphoneos;
				SWIFT_ACTIVE_COMPILATION_CONDITIONS = "DEBUG $(inherited)";
				SWIFT_OPTIMIZATION_LEVEL = "-Onone";
			};
			name = Debug;
		};
		7950BBCE2D71FD5000828F65 /* Release */ = {
			isa = XCBuildConfiguration;
			buildSettings = {
				ALWAYS_SEARCH_USER_PATHS = NO;
				ASSETCATALOG_COMPILER_GENERATE_SWIFT_ASSET_SYMBOL_EXTENSIONS = YES;
				CLANG_ANALYZER_NONNULL = YES;
				CLANG_ANALYZER_NUMBER_OBJECT_CONVERSION = YES_AGGRESSIVE;
				CLANG_CXX_LANGUAGE_STANDARD = "gnu++20";
				CLANG_ENABLE_MODULES = YES;
				CLANG_ENABLE_OBJC_ARC = YES;
				CLANG_ENABLE_OBJC_WEAK = YES;
				CLANG_WARN_BLOCK_CAPTURE_AUTORELEASING = YES;
				CLANG_WARN_BOOL_CONVERSION = YES;
				CLANG_WARN_COMMA = YES;
				CLANG_WARN_CONSTANT_CONVERSION = YES;
				CLANG_WARN_DEPRECATED_OBJC_IMPLEMENTATIONS = YES;
				CLANG_WARN_DIRECT_OBJC_ISA_USAGE = YES_ERROR;
				CLANG_WARN_DOCUMENTATION_COMMENTS = YES;
				CLANG_WARN_EMPTY_BODY = YES;
				CLANG_WARN_ENUM_CONVERSION = YES;
				CLANG_WARN_INFINITE_RECURSION = YES;
				CLANG_WARN_INT_CONVERSION = YES;
				CLANG_WARN_NON_LITERAL_NULL_CONVERSION = YES;
				CLANG_WARN_OBJC_IMPLICIT_RETAIN_SELF = YES;
				CLANG_WARN_OBJC_LITERAL_CONVERSION = YES;
				CLANG_WARN_OBJC_ROOT_CLASS = YES_ERROR;
				CLANG_WARN_QUOTED_INCLUDE_IN_FRAMEWORK_HEADER = YES;
				CLANG_WARN_RANGE_LOOP_ANALYSIS = YES;
				CLANG_WARN_STRICT_PROTOTYPES = YES;
				CLANG_WARN_SUSPICIOUS_MOVE = YES;
				CLANG_WARN_UNGUARDED_AVAILABILITY = YES_AGGRESSIVE;
				CLANG_WARN_UNREACHABLE_CODE = YES;
				CLANG_WARN__DUPLICATE_METHOD_MATCH = YES;
				COPY_PHASE_STRIP = NO;
				DEBUG_INFORMATION_FORMAT = "dwarf-with-dsym";
				ENABLE_NS_ASSERTIONS = NO;
				ENABLE_STRICT_OBJC_MSGSEND = YES;
				ENABLE_USER_SCRIPT_SANDBOXING = YES;
				GCC_C_LANGUAGE_STANDARD = gnu17;
				GCC_NO_COMMON_BLOCKS = YES;
				GCC_WARN_64_TO_32_BIT_CONVERSION = YES;
				GCC_WARN_ABOUT_RETURN_TYPE = YES_ERROR;
				GCC_WARN_UNDECLARED_SELECTOR = YES;
				GCC_WARN_UNINITIALIZED_AUTOS = YES_AGGRESSIVE;
				GCC_WARN_UNUSED_FUNCTION = YES;
				GCC_WARN_UNUSED_VARIABLE = YES;
				IPHONEOS_DEPLOYMENT_TARGET = 18.2;
				LOCALIZATION_PREFERS_STRING_CATALOGS = YES;
				MTL_ENABLE_DEBUG_INFO = NO;
				MTL_FAST_MATH = YES;
				SDKROOT = iphoneos;
				SWIFT_COMPILATION_MODE = wholemodule;
				VALIDATE_PRODUCT = YES;
			};
			name = Release;
		};
		7950BBD02D71FD5000828F65 /* Debug */ = {
			isa = XCBuildConfiguration;
			buildSettings = {
				ASSETCATALOG_COMPILER_APPICON_NAME = AppIcon;
				ASSETCATALOG_COMPILER_GLOBAL_ACCENT_COLOR_NAME = AccentColor;
				CODE_SIGN_STYLE = Automatic;
				CURRENT_PROJECT_VERSION = 1;
				DEVELOPMENT_ASSET_PATHS = "\"NimbusCacheExample/Preview Content\"";
				DEVELOPMENT_TEAM = QLVX929S23;
				ENABLE_PREVIEWS = YES;
				GENERATE_INFOPLIST_FILE = YES;
				INFOPLIST_FILE = NimbusCacheExample/Info.plist;
				INFOPLIST_KEY_UIApplicationSceneManifest_Generation = YES;
				INFOPLIST_KEY_UIApplicationSupportsIndirectInputEvents = YES;
				INFOPLIST_KEY_UILaunchScreen_Generation = YES;
				INFOPLIST_KEY_UISupportedInterfaceOrientations_iPad = "UIInterfaceOrientationPortrait UIInterfaceOrientationPortraitUpsideDown UIInterfaceOrientationLandscapeLeft UIInterfaceOrientationLandscapeRight";
				INFOPLIST_KEY_UISupportedInterfaceOrientations_iPhone = "UIInterfaceOrientationPortrait UIInterfaceOrientationLandscapeLeft UIInterfaceOrientationLandscapeRight";
				LD_RUNPATH_SEARCH_PATHS = (
					"$(inherited)",
					"@executable_path/Frameworks",
				);
				MARKETING_VERSION = 1.0;
				PRODUCT_BUNDLE_IDENTIFIER = com.theMuggleDev.NimbusCacheExample;
				PRODUCT_NAME = "$(TARGET_NAME)";
				SWIFT_EMIT_LOC_STRINGS = YES;
				SWIFT_VERSION = 5.0;
				TARGETED_DEVICE_FAMILY = "1,2";
			};
			name = Debug;
		};
		7950BBD12D71FD5000828F65 /* Release */ = {
			isa = XCBuildConfiguration;
			buildSettings = {
				ASSETCATALOG_COMPILER_APPICON_NAME = AppIcon;
				ASSETCATALOG_COMPILER_GLOBAL_ACCENT_COLOR_NAME = AccentColor;
				CODE_SIGN_STYLE = Automatic;
				CURRENT_PROJECT_VERSION = 1;
				DEVELOPMENT_ASSET_PATHS = "\"NimbusCacheExample/Preview Content\"";
				DEVELOPMENT_TEAM = QLVX929S23;
				ENABLE_PREVIEWS = YES;
				GENERATE_INFOPLIST_FILE = YES;
				INFOPLIST_FILE = NimbusCacheExample/Info.plist;
				INFOPLIST_KEY_UIApplicationSceneManifest_Generation = YES;
				INFOPLIST_KEY_UIApplicationSupportsIndirectInputEvents = YES;
				INFOPLIST_KEY_UILaunchScreen_Generation = YES;
				INFOPLIST_KEY_UISupportedInterfaceOrientations_iPad = "UIInterfaceOrientationPortrait UIInterfaceOrientationPortraitUpsideDown UIInterfaceOrientationLandscapeLeft UIInterfaceOrientationLandscapeRight";
				INFOPLIST_KEY_UISupportedInterfaceOrientations_iPhone = "UIInterfaceOrientationPortrait UIInterfaceOrientationLandscapeLeft UIInterfaceOrientationLandscapeRight";
				LD_RUNPATH_SEARCH_PATHS = (
					"$(inherited)",
					"@executable_path/Frameworks",
				);
				MARKETING_VERSION = 1.0;
				PRODUCT_BUNDLE_IDENTIFIER = com.theMuggleDev.NimbusCacheExample;
				PRODUCT_NAME = "$(TARGET_NAME)";
				SWIFT_EMIT_LOC_STRINGS = YES;
				SWIFT_VERSION = 5.0;
				TARGETED_DEVICE_FAMILY = "1,2";
			};
			name = Release;
		};
		7950BBD32D71FD5000828F65 /* Debug */ = {
			isa = XCBuildConfiguration;
			buildSettings = {
				BUNDLE_LOADER = "$(TEST_HOST)";
				CODE_SIGN_STYLE = Automatic;
				CURRENT_PROJECT_VERSION = 1;
				DEVELOPMENT_TEAM = QLVX929S23;
				GENERATE_INFOPLIST_FILE = YES;
				IPHONEOS_DEPLOYMENT_TARGET = 18.2;
				MARKETING_VERSION = 1.0;
				PRODUCT_BUNDLE_IDENTIFIER = com.theMuggleDev.NimbusCacheExampleTests;
				PRODUCT_NAME = "$(TARGET_NAME)";
				SWIFT_EMIT_LOC_STRINGS = NO;
				SWIFT_VERSION = 5.0;
				TARGETED_DEVICE_FAMILY = "1,2";
				TEST_HOST = "$(BUILT_PRODUCTS_DIR)/NimbusCacheExample.app/$(BUNDLE_EXECUTABLE_FOLDER_PATH)/NimbusCacheExample";
			};
			name = Debug;
		};
		7950BBD42D71FD5000828F65 /* Release */ = {
			isa = XCBuildConfiguration;
			buildSettings = {
				BUNDLE_LOADER = "$(TEST_HOST)";
				CODE_SIGN_STYLE = Automatic;
				CURRENT_PROJECT_VERSION = 1;
				DEVELOPMENT_TEAM = QLVX929S23;
				GENERATE_INFOPLIST_FILE = YES;
				IPHONEOS_DEPLOYMENT_TARGET = 18.2;
				MARKETING_VERSION = 1.0;
				PRODUCT_BUNDLE_IDENTIFIER = com.theMuggleDev.NimbusCacheExampleTests;
				PRODUCT_NAME = "$(TARGET_NAME)";
				SWIFT_EMIT_LOC_STRINGS = NO;
				SWIFT_VERSION = 5.0;
				TARGETED_DEVICE_FAMILY = "1,2";
				TEST_HOST = "$(BUILT_PRODUCTS_DIR)/NimbusCacheExample.app/$(BUNDLE_EXECUTABLE_FOLDER_PATH)/NimbusCacheExample";
			};
			name = Release;
		};
		7950BBD62D71FD5000828F65 /* Debug */ = {
			isa = XCBuildConfiguration;
			buildSettings = {
				CODE_SIGN_STYLE = Automatic;
				CURRENT_PROJECT_VERSION = 1;
				DEVELOPMENT_TEAM = QLVX929S23;
				GENERATE_INFOPLIST_FILE = YES;
				MARKETING_VERSION = 1.0;
				PRODUCT_BUNDLE_IDENTIFIER = com.theMuggleDev.NimbusCacheExampleUITests;
				PRODUCT_NAME = "$(TARGET_NAME)";
				SWIFT_EMIT_LOC_STRINGS = NO;
				SWIFT_VERSION = 5.0;
				TARGETED_DEVICE_FAMILY = "1,2";
				TEST_TARGET_NAME = NimbusCacheExample;
			};
			name = Debug;
		};
		7950BBD72D71FD5000828F65 /* Release */ = {
			isa = XCBuildConfiguration;
			buildSettings = {
				CODE_SIGN_STYLE = Automatic;
				CURRENT_PROJECT_VERSION = 1;
				DEVELOPMENT_TEAM = QLVX929S23;
				GENERATE_INFOPLIST_FILE = YES;
				MARKETING_VERSION = 1.0;
				PRODUCT_BUNDLE_IDENTIFIER = com.theMuggleDev.NimbusCacheExampleUITests;
				PRODUCT_NAME = "$(TARGET_NAME)";
				SWIFT_EMIT_LOC_STRINGS = NO;
				SWIFT_VERSION = 5.0;
				TARGETED_DEVICE_FAMILY = "1,2";
				TEST_TARGET_NAME = NimbusCacheExample;
			};
			name = Release;
		};
/* End XCBuildConfiguration section */

/* Begin XCConfigurationList section */
		7950BBA62D71FD4E00828F65 /* Build configuration list for PBXProject "NimbusCacheExample" */ = {
			isa = XCConfigurationList;
			buildConfigurations = (
				7950BBCD2D71FD5000828F65 /* Debug */,
				7950BBCE2D71FD5000828F65 /* Release */,
			);
			defaultConfigurationIsVisible = 0;
			defaultConfigurationName = Release;
		};
		7950BBCF2D71FD5000828F65 /* Build configuration list for PBXNativeTarget "NimbusCacheExample" */ = {
			isa = XCConfigurationList;
			buildConfigurations = (
				7950BBD02D71FD5000828F65 /* Debug */,
				7950BBD12D71FD5000828F65 /* Release */,
			);
			defaultConfigurationIsVisible = 0;
			defaultConfigurationName = Release;
		};
		7950BBD22D71FD5000828F65 /* Build configuration list for PBXNativeTarget "NimbusCacheExampleTests" */ = {
			isa = XCConfigurationList;
			buildConfigurations = (
				7950BBD32D71FD5000828F65 /* Debug */,
				7950BBD42D71FD5000828F65 /* Release */,
			);
			defaultConfigurationIsVisible = 0;
			defaultConfigurationName = Release;
		};
		7950BBD52D71FD5000828F65 /* Build configuration list for PBXNativeTarget "NimbusCacheExampleUITests" */ = {
			isa = XCConfigurationList;
			buildConfigurations = (
				7950BBD62D71FD5000828F65 /* Debug */,
				7950BBD72D71FD5000828F65 /* Release */,
			);
			defaultConfigurationIsVisible = 0;
			defaultConfigurationName = Release;
		};
/* End XCConfigurationList section */

/* Begin XCLocalSwiftPackageReference section */
		7950BC0B2D72A65800828F65 /* XCLocalSwiftPackageReference "../../../NimbusCache" */ = {
			isa = XCLocalSwiftPackageReference;
			relativePath = ../../../NimbusCache;
		};
/* End XCLocalSwiftPackageReference section */

/* Begin XCSwiftPackageProductDependency section */
		7950BC0C2D72A66000828F65 /* NimbusCache */ = {
			isa = XCSwiftPackageProductDependency;
			package = 7950BC0B2D72A65800828F65 /* XCLocalSwiftPackageReference "../../../NimbusCache" */;
			productName = NimbusCache;
		};
/* End XCSwiftPackageProductDependency section */
	};
	rootObject = 7950BBA32D71FD4E00828F65 /* Project object */;
}
